{
  "name": "workout-tracker",
  "lockfileVersion": 3,
  "requires": true,
  "packages": {
    "": {
      "dependencies": {
        "hono": "^4.10.5"
      },
      "devDependencies": {
        "@hono/node-server": "^1.19.6"
      }
    },
    "node_modules/@hono/node-server": {
      "version": "1.19.6",
      "resolved": "https://registry.npmjs.org/@hono/node-server/-/node-server-1.19.6.tgz",
      "integrity": "sha512-Shz/KjlIeAhfiuE93NDKVdZ7HdBVLQAfdbaXEaoAVO3ic9ibRSLGIQGkcBbFyuLr+7/1D5ZCINM8B+6IvXeMtw==",
      "dev": true,
      "license": "MIT",
      "engines": {
        "node": ">=18.14.1"
      },
      "peerDependencies": {
        "hono": "^4"
      }
    },
    "node_modules/hono": {
      "version": "4.10.5",
      "resolved": "https://registry.npmjs.org/hono/-/hono-4.10.5.tgz",
      "integrity": "sha512-h/MXuTkoAK8NG1EfDp0jI1YLf6yGdDnfkebRO2pwEh5+hE3RAJFXkCsnD0vamSiARK4ZrB6MY+o3E/hCnOyHrQ==",
      "license": "MIT",
      "engines": {
        "node": ">=16.9.0"
      }
    }
  }
}
